
Microsoft Visual Studio Solution File, Format Version 12.00
# Visual Studio Version 17
VisualStudioVersion = 17.7.34221.43
MinimumVisualStudioVersion = 10.0.40219.1
Project("{8BC9CEB8-8B4A-11D0-8D11-00A0C91BC942}") = "ConsoleApplication3", "ConsoleApplication3\ConsoleApplication3.vcxproj", "{65BABAE8-5E88-4A76-A86D-ABAC41978061}"
EndProject
Global
	GlobalSection(SolutionConfigurationPlatforms) = preSolution
		Debug|x64 = Debug|x64
		Debug|x86 = Debug|x86
		Release|x64 = Release|x64
		Release|x86 = Release|x86
	EndGlobalSection
	GlobalSection(ProjectConfigurationPlatforms) = postSolution
		{65BABAE8-5E88-4A76-A86D-ABAC41978061}.Debug|x64.ActiveCfg = Debug|x64
		{65BABAE8-5E88-4A76-A86D-ABAC41978061}.Debug|x64.Build.0 = Debug|x64
		{65BABAE8-5E88-4A76-A86D-ABAC41978061}.Debug|x86.ActiveCfg = Debug|Win32
		{65BABAE8-5E88-4A76-A86D-ABAC41978061}.Debug|x86.Build.0 = Debug|Win32
		{65BABAE8-5E88-4A76-A86D-ABAC41978061}.Release|x64.ActiveCfg = Release|x64
		{65BABAE8-5E88-4A76-A86D-ABAC41978061}.Release|x64.Build.0 = Release|x64
		{65BABAE8-5E88-4A76-A86D-ABAC41978061}.Release|x86.ActiveCfg = Release|Win32
		{65BABAE8-5E88-4A76-A86D-ABAC41978061}.Release|x86.Build.0 = Release|Win32
	EndGlobalSection
	GlobalSection(SolutionProperties) = preSolution
		HideSolutionNode = FALSE
	EndGlobalSection
	GlobalSection(ExtensibilityGlobals) = postSolution
		SolutionGuid = {C4D7518A-76CD-458F-87B5-4C128B8702FF}
	EndGlobalSection
EndGlobal
