
Microsoft Visual Studio Solution File, Format Version 12.00
# Visual Studio Version 17
VisualStudioVersion = 17.14.36121.58 d17.14
MinimumVisualStudioVersion = 10.0.40219.1
Project("{FAE04EC0-301F-11D3-BF4B-00C04F79EFBC}") = "ORM", "ORM\ORM.csproj", "{AE0E36CD-0021-48EC-9206-223B3B1898E9}"
EndProject
Project("{FAE04EC0-301F-11D3-BF4B-00C04F79EFBC}") = "ORM databasefirst", "ORM databasefirst\ORM databasefirst.csproj", "{BA20F665-E784-4BD3-9FDF-B8E1DD89D5B0}"
EndProject
Global
	GlobalSection(SolutionConfigurationPlatforms) = preSolution
		Debug|Any CPU = Debug|Any CPU
		Release|Any CPU = Release|Any CPU
	EndGlobalSection
	GlobalSection(ProjectConfigurationPlatforms) = postSolution
		{AE0E36CD-0021-48EC-9206-223B3B1898E9}.Debug|Any CPU.ActiveCfg = Debug|Any CPU
		{AE0E36CD-0021-48EC-9206-223B3B1898E9}.Debug|Any CPU.Build.0 = Debug|Any CPU
		{AE0E36CD-0021-48EC-9206-223B3B1898E9}.Release|Any CPU.ActiveCfg = Release|Any CPU
		{AE0E36CD-0021-48EC-9206-223B3B1898E9}.Release|Any CPU.Build.0 = Release|Any CPU
		{BA20F665-E784-4BD3-9FDF-B8E1DD89D5B0}.Debug|Any CPU.ActiveCfg = Debug|Any CPU
		{BA20F665-E784-4BD3-9FDF-B8E1DD89D5B0}.Debug|Any CPU.Build.0 = Debug|Any CPU
		{BA20F665-E784-4BD3-9FDF-B8E1DD89D5B0}.Release|Any CPU.ActiveCfg = Release|Any CPU
		{BA20F665-E784-4BD3-9FDF-B8E1DD89D5B0}.Release|Any CPU.Build.0 = Release|Any CPU
	EndGlobalSection
	GlobalSection(SolutionProperties) = preSolution
		HideSolutionNode = FALSE
	EndGlobalSection
	GlobalSection(ExtensibilityGlobals) = postSolution
		SolutionGuid = {52C4FF2F-C89D-41F0-B708-5069974BE19D}
	EndGlobalSection
EndGlobal
