
Microsoft Visual Studio Solution File, Format Version 12.00
# Visual Studio Version 17
VisualStudioVersion = 17.11.35303.130
MinimumVisualStudioVersion = 10.0.40219.1
Project("{8BC9CEB8-8B4A-11D0-8D11-00A0C91BC942}") = "char", "ConsoleApplication5\ConsoleApplication5.vcxproj", "{E0DB3FFC-93AE-4932-B90B-AC5FB0E37616}"
EndProject
Project("{8BC9CEB8-8B4A-11D0-8D11-00A0C91BC942}") = "strings", "ConsoleApplication1\ConsoleApplication1.vcxproj", "{82FB61D2-897D-4353-8C56-71B1E2826DC4}"
EndProject
Project("{8BC9CEB8-8B4A-11D0-8D11-00A0C91BC942}") = "strT", "strT\strT.vcxproj", "{375A4E7E-93C6-4A7F-B6D9-262C75FEFDE8}"
EndProject
Global
	GlobalSection(SolutionConfigurationPlatforms) = preSolution
		Debug|x64 = Debug|x64
		Debug|x86 = Debug|x86
		Release|x64 = Release|x64
		Release|x86 = Release|x86
	EndGlobalSection
	GlobalSection(ProjectConfigurationPlatforms) = postSolution
		{E0DB3FFC-93AE-4932-B90B-AC5FB0E37616}.Debug|x64.ActiveCfg = Debug|x64
		{E0DB3FFC-93AE-4932-B90B-AC5FB0E37616}.Debug|x64.Build.0 = Debug|x64
		{E0DB3FFC-93AE-4932-B90B-AC5FB0E37616}.Debug|x86.ActiveCfg = Debug|Win32
		{E0DB3FFC-93AE-4932-B90B-AC5FB0E37616}.Debug|x86.Build.0 = Debug|Win32
		{E0DB3FFC-93AE-4932-B90B-AC5FB0E37616}.Release|x64.ActiveCfg = Release|x64
		{E0DB3FFC-93AE-4932-B90B-AC5FB0E37616}.Release|x64.Build.0 = Release|x64
		{E0DB3FFC-93AE-4932-B90B-AC5FB0E37616}.Release|x86.ActiveCfg = Release|Win32
		{E0DB3FFC-93AE-4932-B90B-AC5FB0E37616}.Release|x86.Build.0 = Release|Win32
		{82FB61D2-897D-4353-8C56-71B1E2826DC4}.Debug|x64.ActiveCfg = Debug|x64
		{82FB61D2-897D-4353-8C56-71B1E2826DC4}.Debug|x64.Build.0 = Debug|x64
		{82FB61D2-897D-4353-8C56-71B1E2826DC4}.Debug|x86.ActiveCfg = Debug|Win32
		{82FB61D2-897D-4353-8C56-71B1E2826DC4}.Debug|x86.Build.0 = Debug|Win32
		{82FB61D2-897D-4353-8C56-71B1E2826DC4}.Release|x64.ActiveCfg = Release|x64
		{82FB61D2-897D-4353-8C56-71B1E2826DC4}.Release|x64.Build.0 = Release|x64
		{82FB61D2-897D-4353-8C56-71B1E2826DC4}.Release|x86.ActiveCfg = Release|Win32
		{82FB61D2-897D-4353-8C56-71B1E2826DC4}.Release|x86.Build.0 = Release|Win32
		{375A4E7E-93C6-4A7F-B6D9-262C75FEFDE8}.Debug|x64.ActiveCfg = Debug|x64
		{375A4E7E-93C6-4A7F-B6D9-262C75FEFDE8}.Debug|x64.Build.0 = Debug|x64
		{375A4E7E-93C6-4A7F-B6D9-262C75FEFDE8}.Debug|x86.ActiveCfg = Debug|Win32
		{375A4E7E-93C6-4A7F-B6D9-262C75FEFDE8}.Debug|x86.Build.0 = Debug|Win32
		{375A4E7E-93C6-4A7F-B6D9-262C75FEFDE8}.Release|x64.ActiveCfg = Release|x64
		{375A4E7E-93C6-4A7F-B6D9-262C75FEFDE8}.Release|x64.Build.0 = Release|x64
		{375A4E7E-93C6-4A7F-B6D9-262C75FEFDE8}.Release|x86.ActiveCfg = Release|Win32
		{375A4E7E-93C6-4A7F-B6D9-262C75FEFDE8}.Release|x86.Build.0 = Release|Win32
	EndGlobalSection
	GlobalSection(SolutionProperties) = preSolution
		HideSolutionNode = FALSE
	EndGlobalSection
	GlobalSection(ExtensibilityGlobals) = postSolution
		SolutionGuid = {AB8ABD93-6324-4E7D-96E3-78DE6E74F666}
	EndGlobalSection
EndGlobal
