
Microsoft Visual Studio Solution File, Format Version 12.00
# Visual Studio Version 17
VisualStudioVersion = 17.12.35707.178
MinimumVisualStudioVersion = 10.0.40219.1
Project("{8BC9CEB8-8B4A-11D0-8D11-00A0C91BC942}") = "code_", "code_\code_.vcxproj", "{D6BDAC86-8CE2-4F36-8811-1D332A7046E1}"
EndProject
Project("{FAE04EC0-301F-11D3-BF4B-00C04F79EFBC}") = "Project_O", "C:\Secret\Fork\Project_O\Project_O\Project_O.csproj", "{78778B11-F61E-44C8-88DA-549A88FF17A2}"
EndProject
Global
	GlobalSection(SolutionConfigurationPlatforms) = preSolution
		Debug|Any CPU = Debug|Any CPU
		Debug|x64 = Debug|x64
		Debug|x86 = Debug|x86
		Release|Any CPU = Release|Any CPU
		Release|x64 = Release|x64
		Release|x86 = Release|x86
	EndGlobalSection
	GlobalSection(ProjectConfigurationPlatforms) = postSolution
		{D6BDAC86-8CE2-4F36-8811-1D332A7046E1}.Debug|Any CPU.ActiveCfg = Debug|x64
		{D6BDAC86-8CE2-4F36-8811-1D332A7046E1}.Debug|Any CPU.Build.0 = Debug|x64
		{D6BDAC86-8CE2-4F36-8811-1D332A7046E1}.Debug|x64.ActiveCfg = Debug|x64
		{D6BDAC86-8CE2-4F36-8811-1D332A7046E1}.Debug|x64.Build.0 = Debug|x64
		{D6BDAC86-8CE2-4F36-8811-1D332A7046E1}.Debug|x86.ActiveCfg = Debug|Win32
		{D6BDAC86-8CE2-4F36-8811-1D332A7046E1}.Debug|x86.Build.0 = Debug|Win32
		{D6BDAC86-8CE2-4F36-8811-1D332A7046E1}.Release|Any CPU.ActiveCfg = Release|x64
		{D6BDAC86-8CE2-4F36-8811-1D332A7046E1}.Release|Any CPU.Build.0 = Release|x64
		{D6BDAC86-8CE2-4F36-8811-1D332A7046E1}.Release|x64.ActiveCfg = Release|x64
		{D6BDAC86-8CE2-4F36-8811-1D332A7046E1}.Release|x64.Build.0 = Release|x64
		{D6BDAC86-8CE2-4F36-8811-1D332A7046E1}.Release|x86.ActiveCfg = Release|Win32
		{D6BDAC86-8CE2-4F36-8811-1D332A7046E1}.Release|x86.Build.0 = Release|Win32
		{78778B11-F61E-44C8-88DA-549A88FF17A2}.Debug|Any CPU.ActiveCfg = Debug|Any CPU
		{78778B11-F61E-44C8-88DA-549A88FF17A2}.Debug|Any CPU.Build.0 = Debug|Any CPU
		{78778B11-F61E-44C8-88DA-549A88FF17A2}.Debug|x64.ActiveCfg = Debug|Any CPU
		{78778B11-F61E-44C8-88DA-549A88FF17A2}.Debug|x64.Build.0 = Debug|Any CPU
		{78778B11-F61E-44C8-88DA-549A88FF17A2}.Debug|x86.ActiveCfg = Debug|Any CPU
		{78778B11-F61E-44C8-88DA-549A88FF17A2}.Debug|x86.Build.0 = Debug|Any CPU
		{78778B11-F61E-44C8-88DA-549A88FF17A2}.Release|Any CPU.ActiveCfg = Release|Any CPU
		{78778B11-F61E-44C8-88DA-549A88FF17A2}.Release|Any CPU.Build.0 = Release|Any CPU
		{78778B11-F61E-44C8-88DA-549A88FF17A2}.Release|x64.ActiveCfg = Release|Any CPU
		{78778B11-F61E-44C8-88DA-549A88FF17A2}.Release|x64.Build.0 = Release|Any CPU
		{78778B11-F61E-44C8-88DA-549A88FF17A2}.Release|x86.ActiveCfg = Release|Any CPU
		{78778B11-F61E-44C8-88DA-549A88FF17A2}.Release|x86.Build.0 = Release|Any CPU
	EndGlobalSection
	GlobalSection(SolutionProperties) = preSolution
		HideSolutionNode = FALSE
	EndGlobalSection
EndGlobal
